
Microsoft Visual Studio Solution File, Format Version 12.00
# Visual Studio Version 17
VisualStudioVersion = 17.3.32825.248
MinimumVisualStudioVersion = 10.0.40219.1
Project("{FAE04EC0-301F-11D3-BF4B-00C04F79EFBC}") = "StudentDB", "StudentDB.csproj", "{B70B4E97-1926-4F95-AF35-75CAB3246402}"
EndProject
Global
	GlobalSection(SolutionConfigurationPlatforms) = preSolution
		Debug|Any CPU = Debug|Any CPU
		Release|Any CPU = Release|Any CPU
	EndGlobalSection
	GlobalSection(ProjectConfigurationPlatforms) = postSolution
		{B70B4E97-1926-4F95-AF35-75CAB3246402}.Debug|Any CPU.ActiveCfg = Debug|Any CPU
		{B70B4E97-1926-4F95-AF35-75CAB3246402}.Debug|Any CPU.Build.0 = Debug|Any CPU
		{B70B4E97-1926-4F95-AF35-75CAB3246402}.Release|Any CPU.ActiveCfg = Release|Any CPU
		{B70B4E97-1926-4F95-AF35-75CAB3246402}.Release|Any CPU.Build.0 = Release|Any CPU
	EndGlobalSection
	GlobalSection(SolutionProperties) = preSolution
		HideSolutionNode = FALSE
	EndGlobalSection
	GlobalSection(ExtensibilityGlobals) = postSolution
		SolutionGuid = {413931BE-3E41-4E90-AC51-D4367CB708B1}
	EndGlobalSection
EndGlobal
